
Microsoft Visual Studio Solution File, Format Version 12.00
# Visual Studio Version 17
VisualStudioVersion = 17.4.33213.308
MinimumVisualStudioVersion = 10.0.40219.1
Project("{FAE04EC0-301F-11D3-BF4B-00C04F79EFBC}") = "Harmony-Script", "Harmony-Script\Harmony-Script.csproj", "{E17FD38E-C7D8-49F9-8EB2-B3A6AC7C17E9}"
EndProject
Project("{FAE04EC0-301F-11D3-BF4B-00C04F79EFBC}") = "Game-Script", "Game-Script\Game-Script.csproj", "{0134396A-C621-4C83-9629-A42316FA044E}"
EndProject
Global
	GlobalSection(SolutionConfigurationPlatforms) = preSolution
		Debug|Any CPU = Debug|Any CPU
		Release|Any CPU = Release|Any CPU
	EndGlobalSection
	GlobalSection(ProjectConfigurationPlatforms) = postSolution
		{E17FD38E-C7D8-49F9-8EB2-B3A6AC7C17E9}.Debug|Any CPU.ActiveCfg = Debug|Any CPU
		{E17FD38E-C7D8-49F9-8EB2-B3A6AC7C17E9}.Debug|Any CPU.Build.0 = Debug|Any CPU
		{E17FD38E-C7D8-49F9-8EB2-B3A6AC7C17E9}.Release|Any CPU.ActiveCfg = Release|Any CPU
		{E17FD38E-C7D8-49F9-8EB2-B3A6AC7C17E9}.Release|Any CPU.Build.0 = Release|Any CPU
		{0134396A-C621-4C83-9629-A42316FA044E}.Debug|Any CPU.ActiveCfg = Debug|Any CPU
		{0134396A-C621-4C83-9629-A42316FA044E}.Debug|Any CPU.Build.0 = Debug|Any CPU
		{0134396A-C621-4C83-9629-A42316FA044E}.Release|Any CPU.ActiveCfg = Release|Any CPU
		{0134396A-C621-4C83-9629-A42316FA044E}.Release|Any CPU.Build.0 = Release|Any CPU
	EndGlobalSection
	GlobalSection(SolutionProperties) = preSolution
		HideSolutionNode = FALSE
	EndGlobalSection
	GlobalSection(ExtensibilityGlobals) = postSolution
		SolutionGuid = {166F266A-0561-4CA2-A576-80A8E88F7267}
	EndGlobalSection
EndGlobal
